{
  "name": "@lookalive/elementary",
  "version": "0.1.0",
  "lockfileVersion": 1,
  "requires": true,
  "dependencies": {
    "@lookalive/type": {
      "version": "1.0.0",
      "resolved": "https://registry.npmjs.org/@lookalive/type/-/type-1.0.0.tgz",
      "integrity": "sha512-7Ec4oBEHk53baV4pvsNv4rIVnrF1RLLthGxBtWlG705PMyKlKFVXkcw5SAQSxZByHbDtGXdvficBHWv5WHMRcw=="
    }
  }
}
